
Microsoft Visual Studio Solution File, Format Version 12.00
# Visual Studio Version 17
VisualStudioVersion = 17.6.33815.320
MinimumVisualStudioVersion = 10.0.40219.1
Project("{FAE04EC0-301F-11D3-BF4B-00C04F79EFBC}") = "FriendlyCompany", "WindowsFormsApp3\FriendlyCompany.csproj", "{553AF031-AE16-4253-A711-F506830CCB2A}"
EndProject
Global
	GlobalSection(SolutionConfigurationPlatforms) = preSolution
		Debug|Any CPU = Debug|Any CPU
		Release|Any CPU = Release|Any CPU
	EndGlobalSection
	GlobalSection(ProjectConfigurationPlatforms) = postSolution
		{553AF031-AE16-4253-A711-F506830CCB2A}.Debug|Any CPU.ActiveCfg = Debug|Any CPU
		{553AF031-AE16-4253-A711-F506830CCB2A}.Debug|Any CPU.Build.0 = Debug|Any CPU
		{553AF031-AE16-4253-A711-F506830CCB2A}.Release|Any CPU.ActiveCfg = Release|Any CPU
		{553AF031-AE16-4253-A711-F506830CCB2A}.Release|Any CPU.Build.0 = Release|Any CPU
	EndGlobalSection
	GlobalSection(SolutionProperties) = preSolution
		HideSolutionNode = FALSE
	EndGlobalSection
	GlobalSection(ExtensibilityGlobals) = postSolution
		SolutionGuid = {76A3C7BF-1182-4B49-A1A7-B74C52856DC0}
	EndGlobalSection
EndGlobal
